// !$*UTF8*$!
{
	archiveVersion = 1;
	classes = {
	};
	objectVersion = 46;
	objects = {

/* Begin PBXBuildFile section */
		47CAED341C2796AA00816691 /* main.m in Sources */ = {isa = PBXBuildFile; fileRef = 47CAED331C2796AA00816691 /* main.m */; };
		47CAED371C2796AA00816691 /* AppDelegate.m in Sources */ = {isa = PBXBuildFile; fileRef = 47CAED361C2796AA00816691 /* AppDelegate.m */; };
		47CAED3A1C2796AA00816691 /* ViewController.m in Sources */ = {isa = PBXBuildFile; fileRef = 47CAED391C2796AA00816691 /* ViewController.m */; };
		47CAED3F1C2796AA00816691 /* Assets.xcassets in Resources */ = {isa = PBXBuildFile; fileRef = 47CAED3E1C2796AA00816691 /* Assets.xcassets */; };
		47CAED421C2796AA00816691 /* LaunchScreen.storyboard in Resources */ = {isa = PBXBuildFile; fileRef = 47CAED401C2796AA00816691 /* LaunchScreen.storyboard */; };
		47CAED4F1C27979E00816691 /* WTSegment.m in Sources */ = {isa = PBXBuildFile; fileRef = 47CAED4E1C27979E00816691 /* WTSegment.m */; };
		47CAED521C27987000816691 /* ChildView.m in Sources */ = {isa = PBXBuildFile; fileRef = 47CAED511C27987000816691 /* ChildView.m */; };
		47CAED5B1C27D8A500816691 /* UIColor+Addtions.m in Sources */ = {isa = PBXBuildFile; fileRef = 47CAED5A1C27D8A500816691 /* UIColor+Addtions.m */; };
		47CAED5D1C27DFA000816691 /* QuartzCore.framework in Frameworks */ = {isa = PBXBuildFile; fileRef = 47CAED5C1C27DFA000816691 /* QuartzCore.framework */; };
		47CAED5F1C27FD6E00816691 /* WTSegment.podspec in Resources */ = {isa = PBXBuildFile; fileRef = 47CAED5E1C27FD6E00816691 /* WTSegment.podspec */; };
		47CAED691C282B3700816691 /* WTSegmentItem.m in Sources */ = {isa = PBXBuildFile; fileRef = 47CAED681C282B3700816691 /* WTSegmentItem.m */; };
/* End PBXBuildFile section */

/* Begin PBXFileReference section */
		47CAED2F1C2796AA00816691 /* WTSegment.app */ = {isa = PBXFileReference; explicitFileType = wrapper.application; includeInIndex = 0; path = WTSegment.app; sourceTree = BUILT_PRODUCTS_DIR; };
		47CAED331C2796AA00816691 /* main.m */ = {isa = PBXFileReference; lastKnownFileType = sourcecode.c.objc; path = main.m; sourceTree = "<group>"; };
		47CAED351C2796AA00816691 /* AppDelegate.h */ = {isa = PBXFileReference; lastKnownFileType = sourcecode.c.h; path = AppDelegate.h; sourceTree = "<group>"; };
		47CAED361C2796AA00816691 /* AppDelegate.m */ = {isa = PBXFileReference; lastKnownFileType = sourcecode.c.objc; path = AppDelegate.m; sourceTree = "<group>"; };
		47CAED381C2796AA00816691 /* ViewController.h */ = {isa = PBXFileReference; lastKnownFileType = sourcecode.c.h; path = ViewController.h; sourceTree = "<group>"; };
		47CAED391C2796AA00816691 /* ViewController.m */ = {isa = PBXFileReference; lastKnownFileType = sourcecode.c.objc; path = ViewController.m; sourceTree = "<group>"; };
		47CAED3E1C2796AA00816691 /* Assets.xcassets */ = {isa = PBXFileReference; lastKnownFileType = folder.assetcatalog; path = Assets.xcassets; sourceTree = "<group>"; };
		47CAED411C2796AA00816691 /* Base */ = {isa = PBXFileReference; lastKnownFileType = file.storyboard; name = Base; path = Base.lproj/LaunchScreen.storyboard; sourceTree = "<group>"; };
		47CAED431C2796AA00816691 /* Info.plist */ = {isa = PBXFileReference; lastKnownFileType = text.plist.xml; path = Info.plist; sourceTree = "<group>"; };
		47CAED4D1C27979E00816691 /* WTSegment.h */ = {isa = PBXFileReference; fileEncoding = 4; lastKnownFileType = sourcecode.c.h; path = WTSegment.h; sourceTree = "<group>"; };
		47CAED4E1C27979E00816691 /* WTSegment.m */ = {isa = PBXFileReference; fileEncoding = 4; lastKnownFileType = sourcecode.c.objc; path = WTSegment.m; sourceTree = "<group>"; };
		47CAED501C27987000816691 /* ChildView.h */ = {isa = PBXFileReference; fileEncoding = 4; lastKnownFileType = sourcecode.c.h; path = ChildView.h; sourceTree = "<group>"; };
		47CAED511C27987000816691 /* ChildView.m */ = {isa = PBXFileReference; fileEncoding = 4; lastKnownFileType = sourcecode.c.objc; path = ChildView.m; sourceTree = "<group>"; };
		47CAED591C27D8A500816691 /* UIColor+Addtions.h */ = {isa = PBXFileReference; fileEncoding = 4; lastKnownFileType = sourcecode.c.h; path = "UIColor+Addtions.h"; sourceTree = "<group>"; };
		47CAED5A1C27D8A500816691 /* UIColor+Addtions.m */ = {isa = PBXFileReference; fileEncoding = 4; lastKnownFileType = sourcecode.c.objc; path = "UIColor+Addtions.m"; sourceTree = "<group>"; };
		47CAED5C1C27DFA000816691 /* QuartzCore.framework */ = {isa = PBXFileReference; lastKnownFileType = wrapper.framework; name = QuartzCore.framework; path = System/Library/Frameworks/QuartzCore.framework; sourceTree = SDKROOT; };
		47CAED5E1C27FD6E00816691 /* WTSegment.podspec */ = {isa = PBXFileReference; fileEncoding = 4; lastKnownFileType = text; path = WTSegment.podspec; sourceTree = "<group>"; };
		47CAED631C2828B400816691 /* WTSegmentProtocol.h */ = {isa = PBXFileReference; fileEncoding = 4; lastKnownFileType = sourcecode.c.h; path = WTSegmentProtocol.h; sourceTree = "<group>"; };
		47CAED671C282B3700816691 /* WTSegmentItem.h */ = {isa = PBXFileReference; fileEncoding = 4; lastKnownFileType = sourcecode.c.h; path = WTSegmentItem.h; sourceTree = "<group>"; };
		47CAED681C282B3700816691 /* WTSegmentItem.m */ = {isa = PBXFileReference; fileEncoding = 4; lastKnownFileType = sourcecode.c.objc; path = WTSegmentItem.m; sourceTree = "<group>"; };
/* End PBXFileReference section */

/* Begin PBXFrameworksBuildPhase section */
		47CAED2C1C2796AA00816691 /* Frameworks */ = {
			isa = PBXFrameworksBuildPhase;
			buildActionMask = 2147483647;
			files = (
				47CAED5D1C27DFA000816691 /* QuartzCore.framework in Frameworks */,
			);
			runOnlyForDeploymentPostprocessing = 0;
		};
/* End PBXFrameworksBuildPhase section */

/* Begin PBXGroup section */
		47CAED261C2796AA00816691 = {
			isa = PBXGroup;
			children = (
				47CAED5E1C27FD6E00816691 /* WTSegment.podspec */,
				47CAED5C1C27DFA000816691 /* QuartzCore.framework */,
				47CAED311C2796AA00816691 /* WTSegment */,
				47CAED301C2796AA00816691 /* Products */,
			);
			sourceTree = "<group>";
		};
		47CAED301C2796AA00816691 /* Products */ = {
			isa = PBXGroup;
			children = (
				47CAED2F1C2796AA00816691 /* WTSegment.app */,
			);
			name = Products;
			sourceTree = "<group>";
		};
		47CAED311C2796AA00816691 /* WTSegment */ = {
			isa = PBXGroup;
			children = (
				47CAED4C1C27979700816691 /* WTSegment */,
				47CAED351C2796AA00816691 /* AppDelegate.h */,
				47CAED361C2796AA00816691 /* AppDelegate.m */,
				47CAED381C2796AA00816691 /* ViewController.h */,
				47CAED391C2796AA00816691 /* ViewController.m */,
				47CAED671C282B3700816691 /* WTSegmentItem.h */,
				47CAED681C282B3700816691 /* WTSegmentItem.m */,
				47CAED591C27D8A500816691 /* UIColor+Addtions.h */,
				47CAED5A1C27D8A500816691 /* UIColor+Addtions.m */,
				47CAED501C27987000816691 /* ChildView.h */,
				47CAED511C27987000816691 /* ChildView.m */,
				47CAED3E1C2796AA00816691 /* Assets.xcassets */,
				47CAED401C2796AA00816691 /* LaunchScreen.storyboard */,
				47CAED431C2796AA00816691 /* Info.plist */,
				47CAED321C2796AA00816691 /* Supporting Files */,
			);
			path = WTSegment;
			sourceTree = "<group>";
		};
		47CAED321C2796AA00816691 /* Supporting Files */ = {
			isa = PBXGroup;
			children = (
				47CAED331C2796AA00816691 /* main.m */,
			);
			name = "Supporting Files";
			sourceTree = "<group>";
		};
		47CAED4C1C27979700816691 /* WTSegment */ = {
			isa = PBXGroup;
			children = (
				47CAED4D1C27979E00816691 /* WTSegment.h */,
				47CAED4E1C27979E00816691 /* WTSegment.m */,
				47CAED631C2828B400816691 /* WTSegmentProtocol.h */,
			);
			path = WTSegment;
			sourceTree = "<group>";
		};
/* End PBXGroup section */

/* Begin PBXNativeTarget section */
		47CAED2E1C2796AA00816691 /* WTSegment */ = {
			isa = PBXNativeTarget;
			buildConfigurationList = 47CAED461C2796AA00816691 /* Build configuration list for PBXNativeTarget "WTSegment" */;
			buildPhases = (
				47CAED2B1C2796AA00816691 /* Sources */,
				47CAED2C1C2796AA00816691 /* Frameworks */,
				47CAED2D1C2796AA00816691 /* Resources */,
			);
			buildRules = (
			);
			dependencies = (
			);
			name = WTSegment;
			productName = WTSegment;
			productReference = 47CAED2F1C2796AA00816691 /* WTSegment.app */;
			productType = "com.apple.product-type.application";
		};
/* End PBXNativeTarget section */

/* Begin PBXProject section */
		47CAED271C2796AA00816691 /* Project object */ = {
			isa = PBXProject;
			attributes = {
				LastUpgradeCheck = 0720;
				ORGANIZATIONNAME = "梧桐";
				TargetAttributes = {
					47CAED2E1C2796AA00816691 = {
						CreatedOnToolsVersion = 7.2;
					};
				};
			};
			buildConfigurationList = 47CAED2A1C2796AA00816691 /* Build configuration list for PBXProject "WTSegment" */;
			compatibilityVersion = "Xcode 3.2";
			developmentRegion = English;
			hasScannedForEncodings = 0;
			knownRegions = (
				en,
				Base,
			);
			mainGroup = 47CAED261C2796AA00816691;
			productRefGroup = 47CAED301C2796AA00816691 /* Products */;
			projectDirPath = "";
			projectRoot = "";
			targets = (
				47CAED2E1C2796AA00816691 /* WTSegment */,
			);
		};
/* End PBXProject section */

/* Begin PBXResourcesBuildPhase section */
		47CAED2D1C2796AA00816691 /* Resources */ = {
			isa = PBXResourcesBuildPhase;
			buildActionMask = 2147483647;
			files = (
				47CAED421C2796AA00816691 /* LaunchScreen.storyboard in Resources */,
				47CAED3F1C2796AA00816691 /* Assets.xcassets in Resources */,
				47CAED5F1C27FD6E00816691 /* WTSegment.podspec in Resources */,
			);
			runOnlyForDeploymentPostprocessing = 0;
		};
/* End PBXResourcesBuildPhase section */

/* Begin PBXSourcesBuildPhase section */
		47CAED2B1C2796AA00816691 /* Sources */ = {
			isa = PBXSourcesBuildPhase;
			buildActionMask = 2147483647;
			files = (
				47CAED521C27987000816691 /* ChildView.m in Sources */,
				47CAED4F1C27979E00816691 /* WTSegment.m in Sources */,
				47CAED5B1C27D8A500816691 /* UIColor+Addtions.m in Sources */,
				47CAED3A1C2796AA00816691 /* ViewController.m in Sources */,
				47CAED371C2796AA00816691 /* AppDelegate.m in Sources */,
				47CAED341C2796AA00816691 /* main.m in Sources */,
				47CAED691C282B3700816691 /* WTSegmentItem.m in Sources */,
			);
			runOnlyForDeploymentPostprocessing = 0;
		};
/* End PBXSourcesBuildPhase section */

/* Begin PBXVariantGroup section */
		47CAED401C2796AA00816691 /* LaunchScreen.storyboard */ = {
			isa = PBXVariantGroup;
			children = (
				47CAED411C2796AA00816691 /* Base */,
			);
			name = LaunchScreen.storyboard;
			sourceTree = "<group>";
		};
/* End PBXVariantGroup section */

/* Begin XCBuildConfiguration section */
		47CAED441C2796AA00816691 /* Debug */ = {
			isa = XCBuildConfiguration;
			buildSettings = {
				ALWAYS_SEARCH_USER_PATHS = NO;
				CLANG_CXX_LANGUAGE_STANDARD = "gnu++0x";
				CLANG_CXX_LIBRARY = "libc++";
				CLANG_ENABLE_MODULES = YES;
				CLANG_ENABLE_OBJC_ARC = YES;
				CLANG_WARN_BOOL_CONVERSION = YES;
				CLANG_WARN_CONSTANT_CONVERSION = YES;
				CLANG_WARN_DIRECT_OBJC_ISA_USAGE = YES_ERROR;
				CLANG_WARN_EMPTY_BODY = YES;
				CLANG_WARN_ENUM_CONVERSION = YES;
				CLANG_WARN_INT_CONVERSION = YES;
				CLANG_WARN_OBJC_ROOT_CLASS = YES_ERROR;
				CLANG_WARN_UNREACHABLE_CODE = YES;
				CLANG_WARN__DUPLICATE_METHOD_MATCH = YES;
				"CODE_SIGN_IDENTITY[sdk=iphoneos*]" = "iPhone Developer";
				COPY_PHASE_STRIP = NO;
				DEBUG_INFORMATION_FORMAT = dwarf;
				ENABLE_STRICT_OBJC_MSGSEND = YES;
				ENABLE_TESTABILITY = YES;
				GCC_C_LANGUAGE_STANDARD = gnu99;
				GCC_DYNAMIC_NO_PIC = NO;
				GCC_NO_COMMON_BLOCKS = YES;
				GCC_OPTIMIZATION_LEVEL = 0;
				GCC_PREPROCESSOR_DEFINITIONS = (
					"DEBUG=1",
					"$(inherited)",
				);
				GCC_WARN_64_TO_32_BIT_CONVERSION = YES;
				GCC_WARN_ABOUT_RETURN_TYPE = YES_ERROR;
				GCC_WARN_UNDECLARED_SELECTOR = YES;
				GCC_WARN_UNINITIALIZED_AUTOS = YES_AGGRESSIVE;
				GCC_WARN_UNUSED_FUNCTION = YES;
				GCC_WARN_UNUSED_VARIABLE = YES;
				IPHONEOS_DEPLOYMENT_TARGET = 7.0;
				MTL_ENABLE_DEBUG_INFO = YES;
				ONLY_ACTIVE_ARCH = YES;
				SDKROOT = iphoneos;
				TARGETED_DEVICE_FAMILY = "1,2";
			};
			name = Debug;
		};
		47CAED451C2796AA00816691 /* Release */ = {
			isa = XCBuildConfiguration;
			buildSettings = {
				ALWAYS_SEARCH_USER_PATHS = NO;
				CLANG_CXX_LANGUAGE_STANDARD = "gnu++0x";
				CLANG_CXX_LIBRARY = "libc++";
				CLANG_ENABLE_MODULES = YES;
				CLANG_ENABLE_OBJC_ARC = YES;
				CLANG_WARN_BOOL_CONVERSION = YES;
				CLANG_WARN_CONSTANT_CONVERSION = YES;
				CLANG_WARN_DIRECT_OBJC_ISA_USAGE = YES_ERROR;
				CLANG_WARN_EMPTY_BODY = YES;
				CLANG_WARN_ENUM_CONVERSION = YES;
				CLANG_WARN_INT_CONVERSION = YES;
				CLANG_WARN_OBJC_ROOT_CLASS = YES_ERROR;
				CLANG_WARN_UNREACHABLE_CODE = YES;
				CLANG_WARN__DUPLICATE_METHOD_MATCH = YES;
				"CODE_SIGN_IDENTITY[sdk=iphoneos*]" = "iPhone Developer";
				COPY_PHASE_STRIP = NO;
				DEBUG_INFORMATION_FORMAT = "dwarf-with-dsym";
				ENABLE_NS_ASSERTIONS = NO;
				ENABLE_STRICT_OBJC_MSGSEND = YES;
				GCC_C_LANGUAGE_STANDARD = gnu99;
				GCC_NO_COMMON_BLOCKS = YES;
				GCC_WARN_64_TO_32_BIT_CONVERSION = YES;
				GCC_WARN_ABOUT_RETURN_TYPE = YES_ERROR;
				GCC_WARN_UNDECLARED_SELECTOR = YES;
				GCC_WARN_UNINITIALIZED_AUTOS = YES_AGGRESSIVE;
				GCC_WARN_UNUSED_FUNCTION = YES;
				GCC_WARN_UNUSED_VARIABLE = YES;
				IPHONEOS_DEPLOYMENT_TARGET = 7.0;
				MTL_ENABLE_DEBUG_INFO = NO;
				SDKROOT = iphoneos;
				TARGETED_DEVICE_FAMILY = "1,2";
				VALIDATE_PRODUCT = YES;
			};
			name = Release;
		};
		47CAED471C2796AA00816691 /* Debug */ = {
			isa = XCBuildConfiguration;
			buildSettings = {
				ASSETCATALOG_COMPILER_APPICON_NAME = AppIcon;
				INFOPLIST_FILE = WTSegment/Info.plist;
				IPHONEOS_DEPLOYMENT_TARGET = 7.0;
				LD_RUNPATH_SEARCH_PATHS = "$(inherited) @executable_path/Frameworks";
				PRODUCT_BUNDLE_IDENTIFIER = com.wutongr.WTSegment;
				PRODUCT_NAME = "$(TARGET_NAME)";
			};
			name = Debug;
		};
		47CAED481C2796AA00816691 /* Release */ = {
			isa = XCBuildConfiguration;
			buildSettings = {
				ASSETCATALOG_COMPILER_APPICON_NAME = AppIcon;
				INFOPLIST_FILE = WTSegment/Info.plist;
				IPHONEOS_DEPLOYMENT_TARGET = 7.0;
				LD_RUNPATH_SEARCH_PATHS = "$(inherited) @executable_path/Frameworks";
				PRODUCT_BUNDLE_IDENTIFIER = com.wutongr.WTSegment;
				PRODUCT_NAME = "$(TARGET_NAME)";
			};
			name = Release;
		};
/* End XCBuildConfiguration section */

/* Begin XCConfigurationList section */
		47CAED2A1C2796AA00816691 /* Build configuration list for PBXProject "WTSegment" */ = {
			isa = XCConfigurationList;
			buildConfigurations = (
				47CAED441C2796AA00816691 /* Debug */,
				47CAED451C2796AA00816691 /* Release */,
			);
			defaultConfigurationIsVisible = 0;
			defaultConfigurationName = Release;
		};
		47CAED461C2796AA00816691 /* Build configuration list for PBXNativeTarget "WTSegment" */ = {
			isa = XCConfigurationList;
			buildConfigurations = (
				47CAED471C2796AA00816691 /* Debug */,
				47CAED481C2796AA00816691 /* Release */,
			);
			defaultConfigurationIsVisible = 0;
			defaultConfigurationName = Release;
		};
/* End XCConfigurationList section */
	};
	rootObject = 47CAED271C2796AA00816691 /* Project object */;
}
